
Microsoft Visual Studio Solution File, Format Version 12.00
# Visual Studio Version 17
VisualStudioVersion = 17.1.32421.90
MinimumVisualStudioVersion = 10.0.40219.1
Project("{FAE04EC0-301F-11D3-BF4B-00C04F79EFBC}") = "pet-shelter", "pet-shelter\pet-shelter.csproj", "{3F96B03A-4753-469B-9A80-0FD4E74C5D53}"
EndProject
Global
	GlobalSection(SolutionConfigurationPlatforms) = preSolution
		Debug|Any CPU = Debug|Any CPU
		Release|Any CPU = Release|Any CPU
	EndGlobalSection
	GlobalSection(ProjectConfigurationPlatforms) = postSolution
		{3F96B03A-4753-469B-9A80-0FD4E74C5D53}.Debug|Any CPU.ActiveCfg = Debug|Any CPU
		{3F96B03A-4753-469B-9A80-0FD4E74C5D53}.Debug|Any CPU.Build.0 = Debug|Any CPU
		{3F96B03A-4753-469B-9A80-0FD4E74C5D53}.Release|Any CPU.ActiveCfg = Release|Any CPU
		{3F96B03A-4753-469B-9A80-0FD4E74C5D53}.Release|Any CPU.Build.0 = Release|Any CPU
	EndGlobalSection
	GlobalSection(SolutionProperties) = preSolution
		HideSolutionNode = FALSE
	EndGlobalSection
	GlobalSection(ExtensibilityGlobals) = postSolution
		SolutionGuid = {1378956D-6769-43E5-9C53-7FBA27C0F331}
	EndGlobalSection
EndGlobal
